
Microsoft Visual Studio Solution File, Format Version 12.00
# Visual Studio Version 16
VisualStudioVersion = 16.0.30804.86
MinimumVisualStudioVersion = 10.0.40219.1
Project("{9A19103F-16F7-4668-BE54-9A1E7A4F7556}") = "TestIdentity.Identity", "TestIdentity.Identity\TestIdentity.Identity.csproj", "{6309BC4A-F282-42E3-A705-E79BD703F130}"
EndProject
Project("{9A19103F-16F7-4668-BE54-9A1E7A4F7556}") = "AMir.Exception", "AMir.Exception\AMir.Exception.csproj", "{67BC62F0-9D15-4994-BFD6-79D647CB19C9}"
EndProject
Project("{9A19103F-16F7-4668-BE54-9A1E7A4F7556}") = "AMir.Wrapper", "AMir.Wrapper\AMir.Wrapper.csproj", "{76551BD6-2CDD-4796-B89E-3EBB261920F2}"
EndProject
Project("{9A19103F-16F7-4668-BE54-9A1E7A4F7556}") = "AMir.Interface", "AMir.Interface\AMir.Interface.csproj", "{2E700DB1-35EE-450A-95A1-85F069E75507}"
EndProject
Project("{9A19103F-16F7-4668-BE54-9A1E7A4F7556}") = "TestIdentity.Tests", "TestIdentity.Tests\TestIdentity.Tests.csproj", "{DF033853-70D8-4D0A-BB40-4FED65D3C662}"
EndProject
Global
	GlobalSection(SolutionConfigurationPlatforms) = preSolution
		Debug|Any CPU = Debug|Any CPU
		Release|Any CPU = Release|Any CPU
	EndGlobalSection
	GlobalSection(ProjectConfigurationPlatforms) = postSolution
		{6309BC4A-F282-42E3-A705-E79BD703F130}.Debug|Any CPU.ActiveCfg = Debug|Any CPU
		{6309BC4A-F282-42E3-A705-E79BD703F130}.Debug|Any CPU.Build.0 = Debug|Any CPU
		{6309BC4A-F282-42E3-A705-E79BD703F130}.Release|Any CPU.ActiveCfg = Release|Any CPU
		{6309BC4A-F282-42E3-A705-E79BD703F130}.Release|Any CPU.Build.0 = Release|Any CPU
		{67BC62F0-9D15-4994-BFD6-79D647CB19C9}.Debug|Any CPU.ActiveCfg = Debug|Any CPU
		{67BC62F0-9D15-4994-BFD6-79D647CB19C9}.Debug|Any CPU.Build.0 = Debug|Any CPU
		{67BC62F0-9D15-4994-BFD6-79D647CB19C9}.Release|Any CPU.ActiveCfg = Release|Any CPU
		{67BC62F0-9D15-4994-BFD6-79D647CB19C9}.Release|Any CPU.Build.0 = Release|Any CPU
		{76551BD6-2CDD-4796-B89E-3EBB261920F2}.Debug|Any CPU.ActiveCfg = Debug|Any CPU
		{76551BD6-2CDD-4796-B89E-3EBB261920F2}.Debug|Any CPU.Build.0 = Debug|Any CPU
		{76551BD6-2CDD-4796-B89E-3EBB261920F2}.Release|Any CPU.ActiveCfg = Release|Any CPU
		{76551BD6-2CDD-4796-B89E-3EBB261920F2}.Release|Any CPU.Build.0 = Release|Any CPU
		{2E700DB1-35EE-450A-95A1-85F069E75507}.Debug|Any CPU.ActiveCfg = Debug|Any CPU
		{2E700DB1-35EE-450A-95A1-85F069E75507}.Debug|Any CPU.Build.0 = Debug|Any CPU
		{2E700DB1-35EE-450A-95A1-85F069E75507}.Release|Any CPU.ActiveCfg = Release|Any CPU
		{2E700DB1-35EE-450A-95A1-85F069E75507}.Release|Any CPU.Build.0 = Release|Any CPU
		{DF033853-70D8-4D0A-BB40-4FED65D3C662}.Debug|Any CPU.ActiveCfg = Debug|Any CPU
		{DF033853-70D8-4D0A-BB40-4FED65D3C662}.Debug|Any CPU.Build.0 = Debug|Any CPU
		{DF033853-70D8-4D0A-BB40-4FED65D3C662}.Release|Any CPU.ActiveCfg = Release|Any CPU
		{DF033853-70D8-4D0A-BB40-4FED65D3C662}.Release|Any CPU.Build.0 = Release|Any CPU
	EndGlobalSection
	GlobalSection(SolutionProperties) = preSolution
		HideSolutionNode = FALSE
	EndGlobalSection
	GlobalSection(ExtensibilityGlobals) = postSolution
		SolutionGuid = {6E945B8F-53A8-4EA6-BB94-B19C8AAF83F2}
	EndGlobalSection
EndGlobal
